// !$*UTF8*$!
{
	archiveVersion = 1;
	classes = {
	};
	objectVersion = 50;
	objects = {

/* Begin PBXBuildFile section */
		56CF1A542172905C00EE3A8C /* AppDelegate.swift in Sources */ = {isa = PBXBuildFile; fileRef = 56CF1A532172905C00EE3A8C /* AppDelegate.swift */; };
		56CF1A562172905C00EE3A8C /* ViewController.swift in Sources */ = {isa = PBXBuildFile; fileRef = 56CF1A552172905C00EE3A8C /* ViewController.swift */; };
		56CF1A592172905C00EE3A8C /* Main.storyboard in Resources */ = {isa = PBXBuildFile; fileRef = 56CF1A572172905C00EE3A8C /* Main.storyboard */; };
		56CF1A5B2172905D00EE3A8C /* Assets.xcassets in Resources */ = {isa = PBXBuildFile; fileRef = 56CF1A5A2172905D00EE3A8C /* Assets.xcassets */; };
		56CF1A5E2172905D00EE3A8C /* LaunchScreen.storyboard in Resources */ = {isa = PBXBuildFile; fileRef = 56CF1A5C2172905D00EE3A8C /* LaunchScreen.storyboard */; };
		56CF1A692172905D00EE3A8C /* FlashcardTests.swift in Sources */ = {isa = PBXBuildFile; fileRef = 56CF1A682172905D00EE3A8C /* FlashcardTests.swift */; };
		56CF1A742172905D00EE3A8C /* FlashcardUITests.swift in Sources */ = {isa = PBXBuildFile; fileRef = 56CF1A732172905D00EE3A8C /* FlashcardUITests.swift */; };
/* End PBXBuildFile section */

/* Begin PBXContainerItemProxy section */
		56CF1A652172905D00EE3A8C /* PBXContainerItemProxy */ = {
			isa = PBXContainerItemProxy;
			containerPortal = 56CF1A482172905C00EE3A8C /* Project object */;
			proxyType = 1;
			remoteGlobalIDString = 56CF1A4F2172905C00EE3A8C;
			remoteInfo = Flashcard;
		};
		56CF1A702172905D00EE3A8C /* PBXContainerItemProxy */ = {
			isa = PBXContainerItemProxy;
			containerPortal = 56CF1A482172905C00EE3A8C /* Project object */;
			proxyType = 1;
			remoteGlobalIDString = 56CF1A4F2172905C00EE3A8C;
			remoteInfo = Flashcard;
		};
/* End PBXContainerItemProxy section */

/* Begin PBXFileReference section */
		56CF1A502172905C00EE3A8C /* Flashcard.app */ = {isa = PBXFileReference; explicitFileType = wrapper.application; includeInIndex = 0; path = Flashcard.app; sourceTree = BUILT_PRODUCTS_DIR; };
		56CF1A532172905C00EE3A8C /* AppDelegate.swift */ = {isa = PBXFileReference; lastKnownFileType = sourcecode.swift; path = AppDelegate.swift; sourceTree = "<group>"; };
		56CF1A552172905C00EE3A8C /* ViewController.swift */ = {isa = PBXFileReference; lastKnownFileType = sourcecode.swift; path = ViewController.swift; sourceTree = "<group>"; };
		56CF1A582172905C00EE3A8C /* Base */ = {isa = PBXFileReference; lastKnownFileType = file.storyboard; name = Base; path = Base.lproj/Main.storyboard; sourceTree = "<group>"; };
		56CF1A5A2172905D00EE3A8C /* Assets.xcassets */ = {isa = PBXFileReference; lastKnownFileType = folder.assetcatalog; path = Assets.xcassets; sourceTree = "<group>"; };
		56CF1A5D2172905D00EE3A8C /* Base */ = {isa = PBXFileReference; lastKnownFileType = file.storyboard; name = Base; path = Base.lproj/LaunchScreen.storyboard; sourceTree = "<group>"; };
		56CF1A5F2172905D00EE3A8C /* Info.plist */ = {isa = PBXFileReference; lastKnownFileType = text.plist.xml; path = Info.plist; sourceTree = "<group>"; };
		56CF1A642172905D00EE3A8C /* FlashcardTests.xctest */ = {isa = PBXFileReference; explicitFileType = wrapper.cfbundle; includeInIndex = 0; path = FlashcardTests.xctest; sourceTree = BUILT_PRODUCTS_DIR; };
		56CF1A682172905D00EE3A8C /* FlashcardTests.swift */ = {isa = PBXFileReference; lastKnownFileType = sourcecode.swift; path = FlashcardTests.swift; sourceTree = "<group>"; };
		56CF1A6A2172905D00EE3A8C /* Info.plist */ = {isa = PBXFileReference; lastKnownFileType = text.plist.xml; path = Info.plist; sourceTree = "<group>"; };
		56CF1A6F2172905D00EE3A8C /* FlashcardUITests.xctest */ = {isa = PBXFileReference; explicitFileType = wrapper.cfbundle; includeInIndex = 0; path = FlashcardUITests.xctest; sourceTree = BUILT_PRODUCTS_DIR; };
		56CF1A732172905D00EE3A8C /* FlashcardUITests.swift */ = {isa = PBXFileReference; lastKnownFileType = sourcecode.swift; path = FlashcardUITests.swift; sourceTree = "<group>"; };
		56CF1A752172905D00EE3A8C /* Info.plist */ = {isa = PBXFileReference; lastKnownFileType = text.plist.xml; path = Info.plist; sourceTree = "<group>"; };
/* End PBXFileReference section */

/* Begin PBXFrameworksBuildPhase section */
		56CF1A4D2172905C00EE3A8C /* Frameworks */ = {
			isa = PBXFrameworksBuildPhase;
			buildActionMask = 2147483647;
			files = (
			);
			runOnlyForDeploymentPostprocessing = 0;
		};
		56CF1A612172905D00EE3A8C /* Frameworks */ = {
			isa = PBXFrameworksBuildPhase;
			buildActionMask = 2147483647;
			files = (
			);
			runOnlyForDeploymentPostprocessing = 0;
		};
		56CF1A6C2172905D00EE3A8C /* Frameworks */ = {
			isa = PBXFrameworksBuildPhase;
			buildActionMask = 2147483647;
			files = (
			);
			runOnlyForDeploymentPostprocessing = 0;
		};
/* End PBXFrameworksBuildPhase section */

/* Begin PBXGroup section */
		56CF1A472172905C00EE3A8C = {
			isa = PBXGroup;
			children = (
				56CF1A522172905C00EE3A8C /* Flashcard */,
				56CF1A672172905D00EE3A8C /* FlashcardTests */,
				56CF1A722172905D00EE3A8C /* FlashcardUITests */,
				56CF1A512172905C00EE3A8C /* Products */,
			);
			sourceTree = "<group>";
		};
		56CF1A512172905C00EE3A8C /* Products */ = {
			isa = PBXGroup;
			children = (
				56CF1A502172905C00EE3A8C /* Flashcard.app */,
				56CF1A642172905D00EE3A8C /* FlashcardTests.xctest */,
				56CF1A6F2172905D00EE3A8C /* FlashcardUITests.xctest */,
			);
			name = Products;
			sourceTree = "<group>";
		};
		56CF1A522172905C00EE3A8C /* Flashcard */ = {
			isa = PBXGroup;
			children = (
				56CF1A532172905C00EE3A8C /* AppDelegate.swift */,
				56CF1A552172905C00EE3A8C /* ViewController.swift */,
				56CF1A572172905C00EE3A8C /* Main.storyboard */,
				56CF1A5A2172905D00EE3A8C /* Assets.xcassets */,
				56CF1A5C2172905D00EE3A8C /* LaunchScreen.storyboard */,
				56CF1A5F2172905D00EE3A8C /* Info.plist */,
			);
			path = Flashcard;
			sourceTree = "<group>";
		};
		56CF1A672172905D00EE3A8C /* FlashcardTests */ = {
			isa = PBXGroup;
			children = (
				56CF1A6A2172905D00EE3A8C /* Info.plist */,
				56CF1A682172905D00EE3A8C /* FlashcardTests.swift */,
			);
			path = FlashcardTests;
			sourceTree = "<group>";
		};
		56CF1A722172905D00EE3A8C /* FlashcardUITests */ = {
			isa = PBXGroup;
			children = (
				56CF1A732172905D00EE3A8C /* FlashcardUITests.swift */,
				56CF1A752172905D00EE3A8C /* Info.plist */,
			);
			path = FlashcardUITests;
			sourceTree = "<group>";
		};
/* End PBXGroup section */

/* Begin PBXNativeTarget section */
		56CF1A4F2172905C00EE3A8C /* Flashcard */ = {
			isa = PBXNativeTarget;
			buildConfigurationList = 56CF1A782172905D00EE3A8C /* Build configuration list for PBXNativeTarget "Flashcard" */;
			buildPhases = (
				56CF1A4C2172905C00EE3A8C /* Sources */,
				56CF1A4D2172905C00EE3A8C /* Frameworks */,
				56CF1A4E2172905C00EE3A8C /* Resources */,
			);
			buildRules = (
			);
			dependencies = (
			);
			name = Flashcard;
			productName = Flashcard;
			productReference = 56CF1A502172905C00EE3A8C /* Flashcard.app */;
			productType = "com.apple.product-type.application";
		};
		56CF1A632172905D00EE3A8C /* FlashcardTests */ = {
			isa = PBXNativeTarget;
			buildConfigurationList = 56CF1A7B2172905D00EE3A8C /* Build configuration list for PBXNativeTarget "FlashcardTests" */;
			buildPhases = (
				56CF1A602172905D00EE3A8C /* Sources */,
				56CF1A612172905D00EE3A8C /* Frameworks */,
				56CF1A622172905D00EE3A8C /* Resources */,
			);
			buildRules = (
			);
			dependencies = (
				56CF1A662172905D00EE3A8C /* PBXTargetDependency */,
			);
			name = FlashcardTests;
			productName = FlashcardTests;
			productReference = 56CF1A642172905D00EE3A8C /* FlashcardTests.xctest */;
			productType = "com.apple.product-type.bundle.unit-test";
		};
		56CF1A6E2172905D00EE3A8C /* FlashcardUITests */ = {
			isa = PBXNativeTarget;
			buildConfigurationList = 56CF1A7E2172905D00EE3A8C /* Build configuration list for PBXNativeTarget "FlashcardUITests" */;
			buildPhases = (
				56CF1A6B2172905D00EE3A8C /* Sources */,
				56CF1A6C2172905D00EE3A8C /* Frameworks */,
				56CF1A6D2172905D00EE3A8C /* Resources */,
			);
			buildRules = (
			);
			dependencies = (
				56CF1A712172905D00EE3A8C /* PBXTargetDependency */,
			);
			name = FlashcardUITests;
			productName = FlashcardUITests;
			productReference = 56CF1A6F2172905D00EE3A8C /* FlashcardUITests.xctest */;
			productType = "com.apple.product-type.bundle.ui-testing";
		};
/* End PBXNativeTarget section */

/* Begin PBXProject section */
		56CF1A482172905C00EE3A8C /* Project object */ = {
			isa = PBXProject;
			attributes = {
				LastSwiftUpdateCheck = 1000;
				LastUpgradeCheck = 1000;
				ORGANIZATIONNAME = "Noor Amir Virani";
				TargetAttributes = {
					56CF1A4F2172905C00EE3A8C = {
						CreatedOnToolsVersion = 10.0;
					};
					56CF1A632172905D00EE3A8C = {
						CreatedOnToolsVersion = 10.0;
						TestTargetID = 56CF1A4F2172905C00EE3A8C;
					};
					56CF1A6E2172905D00EE3A8C = {
						CreatedOnToolsVersion = 10.0;
						TestTargetID = 56CF1A4F2172905C00EE3A8C;
					};
				};
			};
			buildConfigurationList = 56CF1A4B2172905C00EE3A8C /* Build configuration list for PBXProject "Flashcard" */;
			compatibilityVersion = "Xcode 9.3";
			developmentRegion = en;
			hasScannedForEncodings = 0;
			knownRegions = (
				en,
				Base,
			);
			mainGroup = 56CF1A472172905C00EE3A8C;
			productRefGroup = 56CF1A512172905C00EE3A8C /* Products */;
			projectDirPath = "";
			projectRoot = "";
			targets = (
				56CF1A4F2172905C00EE3A8C /* Flashcard */,
				56CF1A632172905D00EE3A8C /* FlashcardTests */,
				56CF1A6E2172905D00EE3A8C /* FlashcardUITests */,
			);
		};
/* End PBXProject section */

/* Begin PBXResourcesBuildPhase section */
		56CF1A4E2172905C00EE3A8C /* Resources */ = {
			isa = PBXResourcesBuildPhase;
			buildActionMask = 2147483647;
			files = (
				56CF1A5E2172905D00EE3A8C /* LaunchScreen.storyboard in Resources */,
				56CF1A5B2172905D00EE3A8C /* Assets.xcassets in Resources */,
				56CF1A592172905C00EE3A8C /* Main.storyboard in Resources */,
			);
			runOnlyForDeploymentPostprocessing = 0;
		};
		56CF1A622172905D00EE3A8C /* Resources */ = {
			isa = PBXResourcesBuildPhase;
			buildActionMask = 2147483647;
			files = (
			);
			runOnlyForDeploymentPostprocessing = 0;
		};
		56CF1A6D2172905D00EE3A8C /* Resources */ = {
			isa = PBXResourcesBuildPhase;
			buildActionMask = 2147483647;
			files = (
			);
			runOnlyForDeploymentPostprocessing = 0;
		};
/* End PBXResourcesBuildPhase section */

/* Begin PBXSourcesBuildPhase section */
		56CF1A4C2172905C00EE3A8C /* Sources */ = {
			isa = PBXSourcesBuildPhase;
			buildActionMask = 2147483647;
			files = (
				56CF1A562172905C00EE3A8C /* ViewController.swift in Sources */,
				56CF1A542172905C00EE3A8C /* AppDelegate.swift in Sources */,
			);
			runOnlyForDeploymentPostprocessing = 0;
		};
		56CF1A602172905D00EE3A8C /* Sources */ = {
			isa = PBXSourcesBuildPhase;
			buildActionMask = 2147483647;
			files = (
				56CF1A692172905D00EE3A8C /* FlashcardTests.swift in Sources */,
			);
			runOnlyForDeploymentPostprocessing = 0;
		};
		56CF1A6B2172905D00EE3A8C /* Sources */ = {
			isa = PBXSourcesBuildPhase;
			buildActionMask = 2147483647;
			files = (
				56CF1A742172905D00EE3A8C /* FlashcardUITests.swift in Sources */,
			);
			runOnlyForDeploymentPostprocessing = 0;
		};
/* End PBXSourcesBuildPhase section */

/* Begin PBXTargetDependency section */
		56CF1A662172905D00EE3A8C /* PBXTargetDependency */ = {
			isa = PBXTargetDependency;
			target = 56CF1A4F2172905C00EE3A8C /* Flashcard */;
			targetProxy = 56CF1A652172905D00EE3A8C /* PBXContainerItemProxy */;
		};
		56CF1A712172905D00EE3A8C /* PBXTargetDependency */ = {
			isa = PBXTargetDependency;
			target = 56CF1A4F2172905C00EE3A8C /* Flashcard */;
			targetProxy = 56CF1A702172905D00EE3A8C /* PBXContainerItemProxy */;
		};
/* End PBXTargetDependency section */

/* Begin PBXVariantGroup section */
		56CF1A572172905C00EE3A8C /* Main.storyboard */ = {
			isa = PBXVariantGroup;
			children = (
				56CF1A582172905C00EE3A8C /* Base */,
			);
			name = Main.storyboard;
			sourceTree = "<group>";
		};
		56CF1A5C2172905D00EE3A8C /* LaunchScreen.storyboard */ = {
			isa = PBXVariantGroup;
			children = (
				56CF1A5D2172905D00EE3A8C /* Base */,
			);
			name = LaunchScreen.storyboard;
			sourceTree = "<group>";
		};
/* End PBXVariantGroup section */

/* Begin XCBuildConfiguration section */
		56CF1A762172905D00EE3A8C /* Debug */ = {
			isa = XCBuildConfiguration;
			buildSettings = {
				ALWAYS_SEARCH_USER_PATHS = NO;
				CLANG_ANALYZER_NONNULL = YES;
				CLANG_ANALYZER_NUMBER_OBJECT_CONVERSION = YES_AGGRESSIVE;
				CLANG_CXX_LANGUAGE_STANDARD = "gnu++14";
				CLANG_CXX_LIBRARY = "libc++";
				CLANG_ENABLE_MODULES = YES;
				CLANG_ENABLE_OBJC_ARC = YES;
				CLANG_ENABLE_OBJC_WEAK = YES;
				CLANG_WARN_BLOCK_CAPTURE_AUTORELEASING = YES;
				CLANG_WARN_BOOL_CONVERSION = YES;
				CLANG_WARN_COMMA = YES;
				CLANG_WARN_CONSTANT_CONVERSION = YES;
				CLANG_WARN_DEPRECATED_OBJC_IMPLEMENTATIONS = YES;
				CLANG_WARN_DIRECT_OBJC_ISA_USAGE = YES_ERROR;
				CLANG_WARN_DOCUMENTATION_COMMENTS = YES;
				CLANG_WARN_EMPTY_BODY = YES;
				CLANG_WARN_ENUM_CONVERSION = YES;
				CLANG_WARN_INFINITE_RECURSION = YES;
				CLANG_WARN_INT_CONVERSION = YES;
				CLANG_WARN_NON_LITERAL_NULL_CONVERSION = YES;
				CLANG_WARN_OBJC_IMPLICIT_RETAIN_SELF = YES;
				CLANG_WARN_OBJC_LITERAL_CONVERSION = YES;
				CLANG_WARN_OBJC_ROOT_CLASS = YES_ERROR;
				CLANG_WARN_RANGE_LOOP_ANALYSIS = YES;
				CLANG_WARN_STRICT_PROTOTYPES = YES;
				CLANG_WARN_SUSPICIOUS_MOVE = YES;
				CLANG_WARN_UNGUARDED_AVAILABILITY = YES_AGGRESSIVE;
				CLANG_WARN_UNREACHABLE_CODE = YES;
				CLANG_WARN__DUPLICATE_METHOD_MATCH = YES;
				CODE_SIGN_IDENTITY = "iPhone Developer";
				COPY_PHASE_STRIP = NO;
				DEBUG_INFORMATION_FORMAT = dwarf;
				ENABLE_STRICT_OBJC_MSGSEND = YES;
				ENABLE_TESTABILITY = YES;
				GCC_C_LANGUAGE_STANDARD = gnu11;
				GCC_DYNAMIC_NO_PIC = NO;
				GCC_NO_COMMON_BLOCKS = YES;
				GCC_OPTIMIZATION_LEVEL = 0;
				GCC_PREPROCESSOR_DEFINITIONS = (
					"DEBUG=1",
					"$(inherited)",
				);
				GCC_WARN_64_TO_32_BIT_CONVERSION = YES;
				GCC_WARN_ABOUT_RETURN_TYPE = YES_ERROR;
				GCC_WARN_UNDECLARED_SELECTOR = YES;
				GCC_WARN_UNINITIALIZED_AUTOS = YES_AGGRESSIVE;
				GCC_WARN_UNUSED_FUNCTION = YES;
				GCC_WARN_UNUSED_VARIABLE = YES;
				IPHONEOS_DEPLOYMENT_TARGET = 12.0;
				MTL_ENABLE_DEBUG_INFO = INCLUDE_SOURCE;
				MTL_FAST_MATH = YES;
				ONLY_ACTIVE_ARCH = YES;
				SDKROOT = iphoneos;
				SWIFT_ACTIVE_COMPILATION_CONDITIONS = DEBUG;
				SWIFT_OPTIMIZATION_LEVEL = "-Onone";
			};
			name = Debug;
		};
		56CF1A772172905D00EE3A8C /* Release */ = {
			isa = XCBuildConfiguration;
			buildSettings = {
				ALWAYS_SEARCH_USER_PATHS = NO;
				CLANG_ANALYZER_NONNULL = YES;
				CLANG_ANALYZER_NUMBER_OBJECT_CONVERSION = YES_AGGRESSIVE;
				CLANG_CXX_LANGUAGE_STANDARD = "gnu++14";
				CLANG_CXX_LIBRARY = "libc++";
				CLANG_ENABLE_MODULES = YES;
				CLANG_ENABLE_OBJC_ARC = YES;
				CLANG_ENABLE_OBJC_WEAK = YES;
				CLANG_WARN_BLOCK_CAPTURE_AUTORELEASING = YES;
				CLANG_WARN_BOOL_CONVERSION = YES;
				CLANG_WARN_COMMA = YES;
				CLANG_WARN_CONSTANT_CONVERSION = YES;
				CLANG_WARN_DEPRECATED_OBJC_IMPLEMENTATIONS = YES;
				CLANG_WARN_DIRECT_OBJC_ISA_USAGE = YES_ERROR;
				CLANG_WARN_DOCUMENTATION_COMMENTS = YES;
				CLANG_WARN_EMPTY_BODY = YES;
				CLANG_WARN_ENUM_CONVERSION = YES;
				CLANG_WARN_INFINITE_RECURSION = YES;
				CLANG_WARN_INT_CONVERSION = YES;
				CLANG_WARN_NON_LITERAL_NULL_CONVERSION = YES;
				CLANG_WARN_OBJC_IMPLICIT_RETAIN_SELF = YES;
				CLANG_WARN_OBJC_LITERAL_CONVERSION = YES;
				CLANG_WARN_OBJC_ROOT_CLASS = YES_ERROR;
				CLANG_WARN_RANGE_LOOP_ANALYSIS = YES;
				CLANG_WARN_STRICT_PROTOTYPES = YES;
				CLANG_WARN_SUSPICIOUS_MOVE = YES;
				CLANG_WARN_UNGUARDED_AVAILABILITY = YES_AGGRESSIVE;
				CLANG_WARN_UNREACHABLE_CODE = YES;
				CLANG_WARN__DUPLICATE_METHOD_MATCH = YES;
				CODE_SIGN_IDENTITY = "iPhone Developer";
				COPY_PHASE_STRIP = NO;
				DEBUG_INFORMATION_FORMAT = "dwarf-with-dsym";
				ENABLE_NS_ASSERTIONS = NO;
				ENABLE_STRICT_OBJC_MSGSEND = YES;
				GCC_C_LANGUAGE_STANDARD = gnu11;
				GCC_NO_COMMON_BLOCKS = YES;
				GCC_WARN_64_TO_32_BIT_CONVERSION = YES;
				GCC_WARN_ABOUT_RETURN_TYPE = YES_ERROR;
				GCC_WARN_UNDECLARED_SELECTOR = YES;
				GCC_WARN_UNINITIALIZED_AUTOS = YES_AGGRESSIVE;
				GCC_WARN_UNUSED_FUNCTION = YES;
				GCC_WARN_UNUSED_VARIABLE = YES;
				IPHONEOS_DEPLOYMENT_TARGET = 12.0;
				MTL_ENABLE_DEBUG_INFO = NO;
				MTL_FAST_MATH = YES;
				SDKROOT = iphoneos;
				SWIFT_COMPILATION_MODE = wholemodule;
				SWIFT_OPTIMIZATION_LEVEL = "-O";
				VALIDATE_PRODUCT = YES;
			};
			name = Release;
		};
		56CF1A792172905D00EE3A8C /* Debug */ = {
			isa = XCBuildConfiguration;
			buildSettings = {
				ASSETCATALOG_COMPILER_APPICON_NAME = AppIcon;
				CODE_SIGN_STYLE = Automatic;
				INFOPLIST_FILE = Flashcard/Info.plist;
				LD_RUNPATH_SEARCH_PATHS = (
					"$(inherited)",
					"@executable_path/Frameworks",
				);
				PRODUCT_BUNDLE_IDENTIFIER = com.NoorVirani.Flashcard;
				PRODUCT_NAME = "$(TARGET_NAME)";
				SWIFT_VERSION = 4.2;
				TARGETED_DEVICE_FAMILY = "1,2";
			};
			name = Debug;
		};
		56CF1A7A2172905D00EE3A8C /* Release */ = {
			isa = XCBuildConfiguration;
			buildSettings = {
				ASSETCATALOG_COMPILER_APPICON_NAME = AppIcon;
				CODE_SIGN_STYLE = Automatic;
				INFOPLIST_FILE = Flashcard/Info.plist;
				LD_RUNPATH_SEARCH_PATHS = (
					"$(inherited)",
					"@executable_path/Frameworks",
				);
				PRODUCT_BUNDLE_IDENTIFIER = com.NoorVirani.Flashcard;
				PRODUCT_NAME = "$(TARGET_NAME)";
				SWIFT_VERSION = 4.2;
				TARGETED_DEVICE_FAMILY = "1,2";
			};
			name = Release;
		};
		56CF1A7C2172905D00EE3A8C /* Debug */ = {
			isa = XCBuildConfiguration;
			buildSettings = {
				ALWAYS_EMBED_SWIFT_STANDARD_LIBRARIES = YES;
				BUNDLE_LOADER = "$(TEST_HOST)";
				CODE_SIGN_STYLE = Automatic;
				INFOPLIST_FILE = FlashcardTests/Info.plist;
				LD_RUNPATH_SEARCH_PATHS = (
					"$(inherited)",
					"@executable_path/Frameworks",
					"@loader_path/Frameworks",
				);
				PRODUCT_BUNDLE_IDENTIFIER = com.NoorVirani.FlashcardTests;
				PRODUCT_NAME = "$(TARGET_NAME)";
				SWIFT_VERSION = 4.2;
				TARGETED_DEVICE_FAMILY = "1,2";
				TEST_HOST = "$(BUILT_PRODUCTS_DIR)/Flashcard.app/Flashcard";
			};
			name = Debug;
		};
		56CF1A7D2172905D00EE3A8C /* Release */ = {
			isa = XCBuildConfiguration;
			buildSettings = {
				ALWAYS_EMBED_SWIFT_STANDARD_LIBRARIES = YES;
				BUNDLE_LOADER = "$(TEST_HOST)";
				CODE_SIGN_STYLE = Automatic;
				INFOPLIST_FILE = FlashcardTests/Info.plist;
				LD_RUNPATH_SEARCH_PATHS = (
					"$(inherited)",
					"@executable_path/Frameworks",
					"@loader_path/Frameworks",
				);
				PRODUCT_BUNDLE_IDENTIFIER = com.NoorVirani.FlashcardTests;
				PRODUCT_NAME = "$(TARGET_NAME)";
				SWIFT_VERSION = 4.2;
				TARGETED_DEVICE_FAMILY = "1,2";
				TEST_HOST = "$(BUILT_PRODUCTS_DIR)/Flashcard.app/Flashcard";
			};
			name = Release;
		};
		56CF1A7F2172905D00EE3A8C /* Debug */ = {
			isa = XCBuildConfiguration;
			buildSettings = {
				ALWAYS_EMBED_SWIFT_STANDARD_LIBRARIES = YES;
				CODE_SIGN_STYLE = Automatic;
				INFOPLIST_FILE = FlashcardUITests/Info.plist;
				LD_RUNPATH_SEARCH_PATHS = (
					"$(inherited)",
					"@executable_path/Frameworks",
					"@loader_path/Frameworks",
				);
				PRODUCT_BUNDLE_IDENTIFIER = com.NoorVirani.FlashcardUITests;
				PRODUCT_NAME = "$(TARGET_NAME)";
				SWIFT_VERSION = 4.2;
				TARGETED_DEVICE_FAMILY = "1,2";
				TEST_TARGET_NAME = Flashcard;
			};
			name = Debug;
		};
		56CF1A802172905D00EE3A8C /* Release */ = {
			isa = XCBuildConfiguration;
			buildSettings = {
				ALWAYS_EMBED_SWIFT_STANDARD_LIBRARIES = YES;
				CODE_SIGN_STYLE = Automatic;
				INFOPLIST_FILE = FlashcardUITests/Info.plist;
				LD_RUNPATH_SEARCH_PATHS = (
					"$(inherited)",
					"@executable_path/Frameworks",
					"@loader_path/Frameworks",
				);
				PRODUCT_BUNDLE_IDENTIFIER = com.NoorVirani.FlashcardUITests;
				PRODUCT_NAME = "$(TARGET_NAME)";
				SWIFT_VERSION = 4.2;
				TARGETED_DEVICE_FAMILY = "1,2";
				TEST_TARGET_NAME = Flashcard;
			};
			name = Release;
		};
/* End XCBuildConfiguration section */

/* Begin XCConfigurationList section */
		56CF1A4B2172905C00EE3A8C /* Build configuration list for PBXProject "Flashcard" */ = {
			isa = XCConfigurationList;
			buildConfigurations = (
				56CF1A762172905D00EE3A8C /* Debug */,
				56CF1A772172905D00EE3A8C /* Release */,
			);
			defaultConfigurationIsVisible = 0;
			defaultConfigurationName = Release;
		};
		56CF1A782172905D00EE3A8C /* Build configuration list for PBXNativeTarget "Flashcard" */ = {
			isa = XCConfigurationList;
			buildConfigurations = (
				56CF1A792172905D00EE3A8C /* Debug */,
				56CF1A7A2172905D00EE3A8C /* Release */,
			);
			defaultConfigurationIsVisible = 0;
			defaultConfigurationName = Release;
		};
		56CF1A7B2172905D00EE3A8C /* Build configuration list for PBXNativeTarget "FlashcardTests" */ = {
			isa = XCConfigurationList;
			buildConfigurations = (
				56CF1A7C2172905D00EE3A8C /* Debug */,
				56CF1A7D2172905D00EE3A8C /* Release */,
			);
			defaultConfigurationIsVisible = 0;
			defaultConfigurationName = Release;
		};
		56CF1A7E2172905D00EE3A8C /* Build configuration list for PBXNativeTarget "FlashcardUITests" */ = {
			isa = XCConfigurationList;
			buildConfigurations = (
				56CF1A7F2172905D00EE3A8C /* Debug */,
				56CF1A802172905D00EE3A8C /* Release */,
			);
			defaultConfigurationIsVisible = 0;
			defaultConfigurationName = Release;
		};
/* End XCConfigurationList section */
	};
	rootObject = 56CF1A482172905C00EE3A8C /* Project object */;
}
